{
  "name": "7490b372ee77643c",
  "lockfileVersion": 3,
  "requires": true,
  "packages": {
    "": {
      "dependencies": {
        "facet-review": "0.1.0-alpha.3"
      }
    },
    "node_modules/facet-review": {
      "version": "0.1.0-alpha.3",
      "resolved": "https://registry.npmjs.org/facet-review/-/facet-review-0.1.0-alpha.3.tgz",
      "integrity": "sha512-5aUS+Z3BlCXYS3HJ1lx+ldfTWKXDNoJpS0LHlBLDzhQxoiMO11vcE6yyfjJ8QyquknL6AXdFbxAFurkR/MrAxA==",
      "license": "Apache-2.0",
      "bin": {
        "facet": "runtime/cli/index.js"
      },
      "engines": {
        "node": ">=22.14.0"
      }
    }
  }
}
