{
  "name": "98b69ff9edca440a",
  "lockfileVersion": 3,
  "requires": true,
  "packages": {
    "": {
      "dependencies": {
        "facet-review": "0.1.0-alpha.2"
      }
    },
    "node_modules/facet-review": {
      "version": "0.1.0-alpha.2",
      "resolved": "https://registry.npmjs.org/facet-review/-/facet-review-0.1.0-alpha.2.tgz",
      "integrity": "sha512-tITBpdco2DHtl+oWo7fcmnbMIDxapQT+ldV3xwZzQD+GEyscFz3SlaJZloe4V6WO6cMfu3pPilrJ9c+NNHK1sQ==",
      "license": "Apache-2.0",
      "bin": {
        "facet": "runtime/cli/index.js"
      },
      "engines": {
        "node": ">=22.14.0"
      }
    }
  }
}
