{
  "name": "3ac7744f094d7a2b",
  "lockfileVersion": 3,
  "requires": true,
  "packages": {
    "": {
      "dependencies": {
        "facet-review": "0.1.0-alpha.5"
      }
    },
    "node_modules/facet-review": {
      "version": "0.1.0-alpha.5",
      "resolved": "https://registry.npmjs.org/facet-review/-/facet-review-0.1.0-alpha.5.tgz",
      "integrity": "sha512-iyJsejvTwpA8T9So3yqdMtHeDTmNcR+NyjAyCAUuPxoRSZXrK+eWvLT3tqgL/1fxlozGSSda0qdHZaulD/GFnw==",
      "license": "Apache-2.0",
      "bin": {
        "facet": "runtime/cli/index.js"
      },
      "engines": {
        "node": ">=22.14.0"
      }
    }
  }
}
