{
  "name": "ff443c9b10f9d117",
  "lockfileVersion": 3,
  "requires": true,
  "packages": {
    "": {
      "dependencies": {
        "facet-review": "0.1.0-alpha.1"
      }
    },
    "node_modules/facet-review": {
      "version": "0.1.0-alpha.1",
      "resolved": "https://registry.npmjs.org/facet-review/-/facet-review-0.1.0-alpha.1.tgz",
      "integrity": "sha512-beWzY3+/fQHBXUxa1cqLGW1xfwkmol0ByeamhYQ9Q/GBPwe4HE2kCChzKcBgKVo+plLgE5UK0tLkT8xcr5V/KA==",
      "license": "Apache-2.0",
      "bin": {
        "facet": "runtime/cli/index.js"
      },
      "engines": {
        "node": ">=22.14.0"
      }
    }
  }
}
